// !$*UTF8*$!
{
	archiveVersion = 1;
	classes = {
	};
	objectVersion = 50;
	objects = {

/* Begin PBXBuildFile section */
		3F1099F29244752E8F94D9F5 /* Pods_AllTrailsAtLunch.framework in Frameworks */ = {isa = PBXBuildFile; fileRef = BDC943153FAF3827406C3798 /* Pods_AllTrailsAtLunch.framework */; };
		D22E1B84258A8AF4006941C4 /* RestaurantTableCell.swift in Sources */ = {isa = PBXBuildFile; fileRef = D22E1B83258A8AF4006941C4 /* RestaurantTableCell.swift */; };
		D22E1B88258A8E47006941C4 /* StarRatingView.swift in Sources */ = {isa = PBXBuildFile; fileRef = D22E1B87258A8E47006941C4 /* StarRatingView.swift */; };
		D22E1B8C258A91A7006941C4 /* UIView+Extensions.swift in Sources */ = {isa = PBXBuildFile; fileRef = D22E1B8B258A91A7006941C4 /* UIView+Extensions.swift */; };
		D22E1B93258A995C006941C4 /* RestaurantListPresenter.swift in Sources */ = {isa = PBXBuildFile; fileRef = D22E1B92258A995B006941C4 /* RestaurantListPresenter.swift */; };
		D26B5A86258974440089C8DE /* AppDelegate.swift in Sources */ = {isa = PBXBuildFile; fileRef = D26B5A85258974440089C8DE /* AppDelegate.swift */; };
		D26B5A88258974440089C8DE /* SceneDelegate.swift in Sources */ = {isa = PBXBuildFile; fileRef = D26B5A87258974440089C8DE /* SceneDelegate.swift */; };
		D26B5A8F258974470089C8DE /* Assets.xcassets in Resources */ = {isa = PBXBuildFile; fileRef = D26B5A8E258974470089C8DE /* Assets.xcassets */; };
		D26B5A92258974470089C8DE /* LaunchScreen.storyboard in Resources */ = {isa = PBXBuildFile; fileRef = D26B5A90258974470089C8DE /* LaunchScreen.storyboard */; };
		D26B5AA0258974950089C8DE /* RestaurantListViewController.swift in Sources */ = {isa = PBXBuildFile; fileRef = D26B5A9F258974950089C8DE /* RestaurantListViewController.swift */; };
		D26B5AA9258976260089C8DE /* Colors.xcassets in Resources */ = {isa = PBXBuildFile; fileRef = D26B5AA8258976250089C8DE /* Colors.xcassets */; };
		D26B5AAD25897AFB0089C8DE /* AllTrailsHeaderView.swift in Sources */ = {isa = PBXBuildFile; fileRef = D26B5AAC25897AFB0089C8DE /* AllTrailsHeaderView.swift */; };
		D26B5AB025897F3F0089C8DE /* PaddedTextField.swift in Sources */ = {isa = PBXBuildFile; fileRef = D26B5AAF25897F3E0089C8DE /* PaddedTextField.swift */; };
/* End PBXBuildFile section */

/* Begin PBXFileReference section */
		2EE31D31CCA0FD3E3A748E6B /* Pods-AllTrailsAtLunch.release.xcconfig */ = {isa = PBXFileReference; includeInIndex = 1; lastKnownFileType = text.xcconfig; name = "Pods-AllTrailsAtLunch.release.xcconfig"; path = "Target Support Files/Pods-AllTrailsAtLunch/Pods-AllTrailsAtLunch.release.xcconfig"; sourceTree = "<group>"; };
		B9D83F0FD317F0893C19E953 /* Pods-AllTrailsAtLunch.debug.xcconfig */ = {isa = PBXFileReference; includeInIndex = 1; lastKnownFileType = text.xcconfig; name = "Pods-AllTrailsAtLunch.debug.xcconfig"; path = "Target Support Files/Pods-AllTrailsAtLunch/Pods-AllTrailsAtLunch.debug.xcconfig"; sourceTree = "<group>"; };
		BDC943153FAF3827406C3798 /* Pods_AllTrailsAtLunch.framework */ = {isa = PBXFileReference; explicitFileType = wrapper.framework; includeInIndex = 0; path = Pods_AllTrailsAtLunch.framework; sourceTree = BUILT_PRODUCTS_DIR; };
		D22E1B83258A8AF4006941C4 /* RestaurantTableCell.swift */ = {isa = PBXFileReference; lastKnownFileType = sourcecode.swift; path = RestaurantTableCell.swift; sourceTree = "<group>"; };
		D22E1B87258A8E47006941C4 /* StarRatingView.swift */ = {isa = PBXFileReference; lastKnownFileType = sourcecode.swift; path = StarRatingView.swift; sourceTree = "<group>"; };
		D22E1B8B258A91A7006941C4 /* UIView+Extensions.swift */ = {isa = PBXFileReference; lastKnownFileType = sourcecode.swift; path = "UIView+Extensions.swift"; sourceTree = "<group>"; };
		D22E1B92258A995B006941C4 /* RestaurantListPresenter.swift */ = {isa = PBXFileReference; lastKnownFileType = sourcecode.swift; path = RestaurantListPresenter.swift; sourceTree = "<group>"; };
		D26B5A82258974440089C8DE /* AllTrailsAtLunch.app */ = {isa = PBXFileReference; explicitFileType = wrapper.application; includeInIndex = 0; path = AllTrailsAtLunch.app; sourceTree = BUILT_PRODUCTS_DIR; };
		D26B5A85258974440089C8DE /* AppDelegate.swift */ = {isa = PBXFileReference; lastKnownFileType = sourcecode.swift; path = AppDelegate.swift; sourceTree = "<group>"; };
		D26B5A87258974440089C8DE /* SceneDelegate.swift */ = {isa = PBXFileReference; lastKnownFileType = sourcecode.swift; path = SceneDelegate.swift; sourceTree = "<group>"; };
		D26B5A8E258974470089C8DE /* Assets.xcassets */ = {isa = PBXFileReference; lastKnownFileType = folder.assetcatalog; path = Assets.xcassets; sourceTree = "<group>"; };
		D26B5A91258974470089C8DE /* Base */ = {isa = PBXFileReference; lastKnownFileType = file.storyboard; name = Base; path = Base.lproj/LaunchScreen.storyboard; sourceTree = "<group>"; };
		D26B5A93258974470089C8DE /* Info.plist */ = {isa = PBXFileReference; lastKnownFileType = text.plist.xml; path = Info.plist; sourceTree = "<group>"; };
		D26B5A9F258974950089C8DE /* RestaurantListViewController.swift */ = {isa = PBXFileReference; lastKnownFileType = sourcecode.swift; path = RestaurantListViewController.swift; sourceTree = "<group>"; };
		D26B5AA8258976250089C8DE /* Colors.xcassets */ = {isa = PBXFileReference; lastKnownFileType = folder.assetcatalog; path = Colors.xcassets; sourceTree = "<group>"; };
		D26B5AAC25897AFB0089C8DE /* AllTrailsHeaderView.swift */ = {isa = PBXFileReference; lastKnownFileType = sourcecode.swift; path = AllTrailsHeaderView.swift; sourceTree = "<group>"; };
		D26B5AAF25897F3E0089C8DE /* PaddedTextField.swift */ = {isa = PBXFileReference; lastKnownFileType = sourcecode.swift; path = PaddedTextField.swift; sourceTree = "<group>"; };
/* End PBXFileReference section */

/* Begin PBXFrameworksBuildPhase section */
		D26B5A7F258974440089C8DE /* Frameworks */ = {
			isa = PBXFrameworksBuildPhase;
			buildActionMask = 2147483647;
			files = (
				3F1099F29244752E8F94D9F5 /* Pods_AllTrailsAtLunch.framework in Frameworks */,
			);
			runOnlyForDeploymentPostprocessing = 0;
		};
/* End PBXFrameworksBuildPhase section */

/* Begin PBXGroup section */
		A5124424C7FB2A3FA73B0698 /* Frameworks */ = {
			isa = PBXGroup;
			children = (
				BDC943153FAF3827406C3798 /* Pods_AllTrailsAtLunch.framework */,
			);
			name = Frameworks;
			sourceTree = "<group>";
		};
		B37AE81D17FA40B26536168D /* Pods */ = {
			isa = PBXGroup;
			children = (
				B9D83F0FD317F0893C19E953 /* Pods-AllTrailsAtLunch.debug.xcconfig */,
				2EE31D31CCA0FD3E3A748E6B /* Pods-AllTrailsAtLunch.release.xcconfig */,
			);
			name = Pods;
			path = Pods;
			sourceTree = "<group>";
		};
		D22E1B82258A8AA8006941C4 /* Cells */ = {
			isa = PBXGroup;
			children = (
				D22E1B83258A8AF4006941C4 /* RestaurantTableCell.swift */,
			);
			path = Cells;
			sourceTree = "<group>";
		};
		D22E1B8A258A9163006941C4 /* Extensions */ = {
			isa = PBXGroup;
			children = (
				D22E1B8B258A91A7006941C4 /* UIView+Extensions.swift */,
			);
			path = Extensions;
			sourceTree = "<group>";
		};
		D26B5A79258974440089C8DE = {
			isa = PBXGroup;
			children = (
				D26B5A84258974440089C8DE /* AllTrailsAtLunch */,
				D26B5A83258974440089C8DE /* Products */,
				B37AE81D17FA40B26536168D /* Pods */,
				A5124424C7FB2A3FA73B0698 /* Frameworks */,
			);
			sourceTree = "<group>";
		};
		D26B5A83258974440089C8DE /* Products */ = {
			isa = PBXGroup;
			children = (
				D26B5A82258974440089C8DE /* AllTrailsAtLunch.app */,
			);
			name = Products;
			sourceTree = "<group>";
		};
		D26B5A84258974440089C8DE /* AllTrailsAtLunch */ = {
			isa = PBXGroup;
			children = (
				D26B5A85258974440089C8DE /* AppDelegate.swift */,
				D26B5A87258974440089C8DE /* SceneDelegate.swift */,
				D26B5A9D258974710089C8DE /* Controllers */,
				D26B5AA3258974990089C8DE /* Models */,
				D26B5AA42589749E0089C8DE /* Views */,
				D26B5AA5258974AB0089C8DE /* Media */,
				D22E1B8A258A9163006941C4 /* Extensions */,
				D26B5A90258974470089C8DE /* LaunchScreen.storyboard */,
				D26B5A93258974470089C8DE /* Info.plist */,
			);
			path = AllTrailsAtLunch;
			sourceTree = "<group>";
		};
		D26B5A9D258974710089C8DE /* Controllers */ = {
			isa = PBXGroup;
			children = (
				D26B5A9E258974770089C8DE /* RestaurantListViewController */,
			);
			path = Controllers;
			sourceTree = "<group>";
		};
		D26B5A9E258974770089C8DE /* RestaurantListViewController */ = {
			isa = PBXGroup;
			children = (
				D26B5A9F258974950089C8DE /* RestaurantListViewController.swift */,
				D22E1B92258A995B006941C4 /* RestaurantListPresenter.swift */,
				D22E1B82258A8AA8006941C4 /* Cells */,
			);
			path = RestaurantListViewController;
			sourceTree = "<group>";
		};
		D26B5AA3258974990089C8DE /* Models */ = {
			isa = PBXGroup;
			children = (
			);
			path = Models;
			sourceTree = "<group>";
		};
		D26B5AA42589749E0089C8DE /* Views */ = {
			isa = PBXGroup;
			children = (
				D26B5AAC25897AFB0089C8DE /* AllTrailsHeaderView.swift */,
				D26B5AAF25897F3E0089C8DE /* PaddedTextField.swift */,
				D22E1B87258A8E47006941C4 /* StarRatingView.swift */,
			);
			path = Views;
			sourceTree = "<group>";
		};
		D26B5AA5258974AB0089C8DE /* Media */ = {
			isa = PBXGroup;
			children = (
				D26B5A8E258974470089C8DE /* Assets.xcassets */,
				D26B5AA8258976250089C8DE /* Colors.xcassets */,
			);
			path = Media;
			sourceTree = "<group>";
		};
/* End PBXGroup section */

/* Begin PBXNativeTarget section */
		D26B5A81258974440089C8DE /* AllTrailsAtLunch */ = {
			isa = PBXNativeTarget;
			buildConfigurationList = D26B5A96258974470089C8DE /* Build configuration list for PBXNativeTarget "AllTrailsAtLunch" */;
			buildPhases = (
				CF7543106B5C67F69288FB51 /* [CP] Check Pods Manifest.lock */,
				D26B5A7E258974440089C8DE /* Sources */,
				D26B5A7F258974440089C8DE /* Frameworks */,
				D26B5A80258974440089C8DE /* Resources */,
				9C606E64A655724889FF74AF /* [CP] Copy Pods Resources */,
			);
			buildRules = (
			);
			dependencies = (
			);
			name = AllTrailsAtLunch;
			productName = AllTrailsAtLunch;
			productReference = D26B5A82258974440089C8DE /* AllTrailsAtLunch.app */;
			productType = "com.apple.product-type.application";
		};
/* End PBXNativeTarget section */

/* Begin PBXProject section */
		D26B5A7A258974440089C8DE /* Project object */ = {
			isa = PBXProject;
			attributes = {
				LastSwiftUpdateCheck = 1230;
				LastUpgradeCheck = 1230;
				TargetAttributes = {
					D26B5A81258974440089C8DE = {
						CreatedOnToolsVersion = 12.3;
					};
				};
			};
			buildConfigurationList = D26B5A7D258974440089C8DE /* Build configuration list for PBXProject "AllTrailsAtLunch" */;
			compatibilityVersion = "Xcode 9.3";
			developmentRegion = en;
			hasScannedForEncodings = 0;
			knownRegions = (
				en,
				Base,
			);
			mainGroup = D26B5A79258974440089C8DE;
			productRefGroup = D26B5A83258974440089C8DE /* Products */;
			projectDirPath = "";
			projectRoot = "";
			targets = (
				D26B5A81258974440089C8DE /* AllTrailsAtLunch */,
			);
		};
/* End PBXProject section */

/* Begin PBXResourcesBuildPhase section */
		D26B5A80258974440089C8DE /* Resources */ = {
			isa = PBXResourcesBuildPhase;
			buildActionMask = 2147483647;
			files = (
				D26B5AA9258976260089C8DE /* Colors.xcassets in Resources */,
				D26B5A92258974470089C8DE /* LaunchScreen.storyboard in Resources */,
				D26B5A8F258974470089C8DE /* Assets.xcassets in Resources */,
			);
			runOnlyForDeploymentPostprocessing = 0;
		};
/* End PBXResourcesBuildPhase section */

/* Begin PBXShellScriptBuildPhase section */
		9C606E64A655724889FF74AF /* [CP] Copy Pods Resources */ = {
			isa = PBXShellScriptBuildPhase;
			buildActionMask = 2147483647;
			files = (
			);
			inputFileListPaths = (
				"${PODS_ROOT}/Target Support Files/Pods-AllTrailsAtLunch/Pods-AllTrailsAtLunch-resources-${CONFIGURATION}-input-files.xcfilelist",
			);
			name = "[CP] Copy Pods Resources";
			outputFileListPaths = (
				"${PODS_ROOT}/Target Support Files/Pods-AllTrailsAtLunch/Pods-AllTrailsAtLunch-resources-${CONFIGURATION}-output-files.xcfilelist",
			);
			runOnlyForDeploymentPostprocessing = 0;
			shellPath = /bin/sh;
			shellScript = "\"${PODS_ROOT}/Target Support Files/Pods-AllTrailsAtLunch/Pods-AllTrailsAtLunch-resources.sh\"\n";
			showEnvVarsInLog = 0;
		};
		CF7543106B5C67F69288FB51 /* [CP] Check Pods Manifest.lock */ = {
			isa = PBXShellScriptBuildPhase;
			buildActionMask = 2147483647;
			files = (
			);
			inputFileListPaths = (
			);
			inputPaths = (
				"${PODS_PODFILE_DIR_PATH}/Podfile.lock",
				"${PODS_ROOT}/Manifest.lock",
			);
			name = "[CP] Check Pods Manifest.lock";
			outputFileListPaths = (
			);
			outputPaths = (
				"$(DERIVED_FILE_DIR)/Pods-AllTrailsAtLunch-checkManifestLockResult.txt",
			);
			runOnlyForDeploymentPostprocessing = 0;
			shellPath = /bin/sh;
			shellScript = "diff \"${PODS_PODFILE_DIR_PATH}/Podfile.lock\" \"${PODS_ROOT}/Manifest.lock\" > /dev/null\nif [ $? != 0 ] ; then\n    # print error to STDERR\n    echo \"error: The sandbox is not in sync with the Podfile.lock. Run 'pod install' or update your CocoaPods installation.\" >&2\n    exit 1\nfi\n# This output is used by Xcode 'outputs' to avoid re-running this script phase.\necho \"SUCCESS\" > \"${SCRIPT_OUTPUT_FILE_0}\"\n";
			showEnvVarsInLog = 0;
		};
/* End PBXShellScriptBuildPhase section */

/* Begin PBXSourcesBuildPhase section */
		D26B5A7E258974440089C8DE /* Sources */ = {
			isa = PBXSourcesBuildPhase;
			buildActionMask = 2147483647;
			files = (
				D22E1B88258A8E47006941C4 /* StarRatingView.swift in Sources */,
				D26B5AAD25897AFB0089C8DE /* AllTrailsHeaderView.swift in Sources */,
				D22E1B8C258A91A7006941C4 /* UIView+Extensions.swift in Sources */,
				D22E1B84258A8AF4006941C4 /* RestaurantTableCell.swift in Sources */,
				D26B5AB025897F3F0089C8DE /* PaddedTextField.swift in Sources */,
				D26B5A86258974440089C8DE /* AppDelegate.swift in Sources */,
				D22E1B93258A995C006941C4 /* RestaurantListPresenter.swift in Sources */,
				D26B5AA0258974950089C8DE /* RestaurantListViewController.swift in Sources */,
				D26B5A88258974440089C8DE /* SceneDelegate.swift in Sources */,
			);
			runOnlyForDeploymentPostprocessing = 0;
		};
/* End PBXSourcesBuildPhase section */

/* Begin PBXVariantGroup section */
		D26B5A90258974470089C8DE /* LaunchScreen.storyboard */ = {
			isa = PBXVariantGroup;
			children = (
				D26B5A91258974470089C8DE /* Base */,
			);
			name = LaunchScreen.storyboard;
			sourceTree = "<group>";
		};
/* End PBXVariantGroup section */

/* Begin XCBuildConfiguration section */
		D26B5A94258974470089C8DE /* Debug */ = {
			isa = XCBuildConfiguration;
			buildSettings = {
				ALWAYS_SEARCH_USER_PATHS = NO;
				CLANG_ANALYZER_NONNULL = YES;
				CLANG_ANALYZER_NUMBER_OBJECT_CONVERSION = YES_AGGRESSIVE;
				CLANG_CXX_LANGUAGE_STANDARD = "gnu++14";
				CLANG_CXX_LIBRARY = "libc++";
				CLANG_ENABLE_MODULES = YES;
				CLANG_ENABLE_OBJC_ARC = YES;
				CLANG_ENABLE_OBJC_WEAK = YES;
				CLANG_WARN_BLOCK_CAPTURE_AUTORELEASING = YES;
				CLANG_WARN_BOOL_CONVERSION = YES;
				CLANG_WARN_COMMA = YES;
				CLANG_WARN_CONSTANT_CONVERSION = YES;
				CLANG_WARN_DEPRECATED_OBJC_IMPLEMENTATIONS = YES;
				CLANG_WARN_DIRECT_OBJC_ISA_USAGE = YES_ERROR;
				CLANG_WARN_DOCUMENTATION_COMMENTS = YES;
				CLANG_WARN_EMPTY_BODY = YES;
				CLANG_WARN_ENUM_CONVERSION = YES;
				CLANG_WARN_INFINITE_RECURSION = YES;
				CLANG_WARN_INT_CONVERSION = YES;
				CLANG_WARN_NON_LITERAL_NULL_CONVERSION = YES;
				CLANG_WARN_OBJC_IMPLICIT_RETAIN_SELF = YES;
				CLANG_WARN_OBJC_LITERAL_CONVERSION = YES;
				CLANG_WARN_OBJC_ROOT_CLASS = YES_ERROR;
				CLANG_WARN_QUOTED_INCLUDE_IN_FRAMEWORK_HEADER = YES;
				CLANG_WARN_RANGE_LOOP_ANALYSIS = YES;
				CLANG_WARN_STRICT_PROTOTYPES = YES;
				CLANG_WARN_SUSPICIOUS_MOVE = YES;
				CLANG_WARN_UNGUARDED_AVAILABILITY = YES_AGGRESSIVE;
				CLANG_WARN_UNREACHABLE_CODE = YES;
				CLANG_WARN__DUPLICATE_METHOD_MATCH = YES;
				COPY_PHASE_STRIP = NO;
				DEBUG_INFORMATION_FORMAT = dwarf;
				ENABLE_STRICT_OBJC_MSGSEND = YES;
				ENABLE_TESTABILITY = YES;
				GCC_C_LANGUAGE_STANDARD = gnu11;
				GCC_DYNAMIC_NO_PIC = NO;
				GCC_NO_COMMON_BLOCKS = YES;
				GCC_OPTIMIZATION_LEVEL = 0;
				GCC_PREPROCESSOR_DEFINITIONS = (
					"DEBUG=1",
					"$(inherited)",
				);
				GCC_WARN_64_TO_32_BIT_CONVERSION = YES;
				GCC_WARN_ABOUT_RETURN_TYPE = YES_ERROR;
				GCC_WARN_UNDECLARED_SELECTOR = YES;
				GCC_WARN_UNINITIALIZED_AUTOS = YES_AGGRESSIVE;
				GCC_WARN_UNUSED_FUNCTION = YES;
				GCC_WARN_UNUSED_VARIABLE = YES;
				IPHONEOS_DEPLOYMENT_TARGET = 14.3;
				MTL_ENABLE_DEBUG_INFO = INCLUDE_SOURCE;
				MTL_FAST_MATH = YES;
				ONLY_ACTIVE_ARCH = YES;
				SDKROOT = iphoneos;
				SWIFT_ACTIVE_COMPILATION_CONDITIONS = DEBUG;
				SWIFT_OPTIMIZATION_LEVEL = "-Onone";
			};
			name = Debug;
		};
		D26B5A95258974470089C8DE /* Release */ = {
			isa = XCBuildConfiguration;
			buildSettings = {
				ALWAYS_SEARCH_USER_PATHS = NO;
				CLANG_ANALYZER_NONNULL = YES;
				CLANG_ANALYZER_NUMBER_OBJECT_CONVERSION = YES_AGGRESSIVE;
				CLANG_CXX_LANGUAGE_STANDARD = "gnu++14";
				CLANG_CXX_LIBRARY = "libc++";
				CLANG_ENABLE_MODULES = YES;
				CLANG_ENABLE_OBJC_ARC = YES;
				CLANG_ENABLE_OBJC_WEAK = YES;
				CLANG_WARN_BLOCK_CAPTURE_AUTORELEASING = YES;
				CLANG_WARN_BOOL_CONVERSION = YES;
				CLANG_WARN_COMMA = YES;
				CLANG_WARN_CONSTANT_CONVERSION = YES;
				CLANG_WARN_DEPRECATED_OBJC_IMPLEMENTATIONS = YES;
				CLANG_WARN_DIRECT_OBJC_ISA_USAGE = YES_ERROR;
				CLANG_WARN_DOCUMENTATION_COMMENTS = YES;
				CLANG_WARN_EMPTY_BODY = YES;
				CLANG_WARN_ENUM_CONVERSION = YES;
				CLANG_WARN_INFINITE_RECURSION = YES;
				CLANG_WARN_INT_CONVERSION = YES;
				CLANG_WARN_NON_LITERAL_NULL_CONVERSION = YES;
				CLANG_WARN_OBJC_IMPLICIT_RETAIN_SELF = YES;
				CLANG_WARN_OBJC_LITERAL_CONVERSION = YES;
				CLANG_WARN_OBJC_ROOT_CLASS = YES_ERROR;
				CLANG_WARN_QUOTED_INCLUDE_IN_FRAMEWORK_HEADER = YES;
				CLANG_WARN_RANGE_LOOP_ANALYSIS = YES;
				CLANG_WARN_STRICT_PROTOTYPES = YES;
				CLANG_WARN_SUSPICIOUS_MOVE = YES;
				CLANG_WARN_UNGUARDED_AVAILABILITY = YES_AGGRESSIVE;
				CLANG_WARN_UNREACHABLE_CODE = YES;
				CLANG_WARN__DUPLICATE_METHOD_MATCH = YES;
				COPY_PHASE_STRIP = NO;
				DEBUG_INFORMATION_FORMAT = "dwarf-with-dsym";
				ENABLE_NS_ASSERTIONS = NO;
				ENABLE_STRICT_OBJC_MSGSEND = YES;
				GCC_C_LANGUAGE_STANDARD = gnu11;
				GCC_NO_COMMON_BLOCKS = YES;
				GCC_WARN_64_TO_32_BIT_CONVERSION = YES;
				GCC_WARN_ABOUT_RETURN_TYPE = YES_ERROR;
				GCC_WARN_UNDECLARED_SELECTOR = YES;
				GCC_WARN_UNINITIALIZED_AUTOS = YES_AGGRESSIVE;
				GCC_WARN_UNUSED_FUNCTION = YES;
				GCC_WARN_UNUSED_VARIABLE = YES;
				IPHONEOS_DEPLOYMENT_TARGET = 14.3;
				MTL_ENABLE_DEBUG_INFO = NO;
				MTL_FAST_MATH = YES;
				SDKROOT = iphoneos;
				SWIFT_COMPILATION_MODE = wholemodule;
				SWIFT_OPTIMIZATION_LEVEL = "-O";
				VALIDATE_PRODUCT = YES;
			};
			name = Release;
		};
		D26B5A97258974470089C8DE /* Debug */ = {
			isa = XCBuildConfiguration;
			baseConfigurationReference = B9D83F0FD317F0893C19E953 /* Pods-AllTrailsAtLunch.debug.xcconfig */;
			buildSettings = {
				ASSETCATALOG_COMPILER_APPICON_NAME = AppIcon;
				ASSETCATALOG_COMPILER_GLOBAL_ACCENT_COLOR_NAME = AccentColor;
				CODE_SIGN_STYLE = Automatic;
				DEVELOPMENT_TEAM = DGLQEP2M6C;
				INFOPLIST_FILE = AllTrailsAtLunch/Info.plist;
				LD_RUNPATH_SEARCH_PATHS = (
					"$(inherited)",
					"@executable_path/Frameworks",
				);
				PRODUCT_BUNDLE_IDENTIFIER = com.devbojawn.AllTrailsAtLunch;
				PRODUCT_NAME = "$(TARGET_NAME)";
				SWIFT_VERSION = 5.0;
				TARGETED_DEVICE_FAMILY = "1,2";
			};
			name = Debug;
		};
		D26B5A98258974470089C8DE /* Release */ = {
			isa = XCBuildConfiguration;
			baseConfigurationReference = 2EE31D31CCA0FD3E3A748E6B /* Pods-AllTrailsAtLunch.release.xcconfig */;
			buildSettings = {
				ASSETCATALOG_COMPILER_APPICON_NAME = AppIcon;
				ASSETCATALOG_COMPILER_GLOBAL_ACCENT_COLOR_NAME = AccentColor;
				CODE_SIGN_STYLE = Automatic;
				DEVELOPMENT_TEAM = DGLQEP2M6C;
				INFOPLIST_FILE = AllTrailsAtLunch/Info.plist;
				LD_RUNPATH_SEARCH_PATHS = (
					"$(inherited)",
					"@executable_path/Frameworks",
				);
				PRODUCT_BUNDLE_IDENTIFIER = com.devbojawn.AllTrailsAtLunch;
				PRODUCT_NAME = "$(TARGET_NAME)";
				SWIFT_VERSION = 5.0;
				TARGETED_DEVICE_FAMILY = "1,2";
			};
			name = Release;
		};
/* End XCBuildConfiguration section */

/* Begin XCConfigurationList section */
		D26B5A7D258974440089C8DE /* Build configuration list for PBXProject "AllTrailsAtLunch" */ = {
			isa = XCConfigurationList;
			buildConfigurations = (
				D26B5A94258974470089C8DE /* Debug */,
				D26B5A95258974470089C8DE /* Release */,
			);
			defaultConfigurationIsVisible = 0;
			defaultConfigurationName = Release;
		};
		D26B5A96258974470089C8DE /* Build configuration list for PBXNativeTarget "AllTrailsAtLunch" */ = {
			isa = XCConfigurationList;
			buildConfigurations = (
				D26B5A97258974470089C8DE /* Debug */,
				D26B5A98258974470089C8DE /* Release */,
			);
			defaultConfigurationIsVisible = 0;
			defaultConfigurationName = Release;
		};
/* End XCConfigurationList section */
	};
	rootObject = D26B5A7A258974440089C8DE /* Project object */;
}
